// !$*UTF8*$!
{
	archiveVersion = 1;
	classes = {
	};
	objectVersion = 50;
	objects = {

/* Begin PBXBuildFile section */
		07511F792613D46D0062BCA6 /* JobsListView.swift in Sources */ = {isa = PBXBuildFile; fileRef = 07511F782613D46D0062BCA6 /* JobsListView.swift */; };
		07511FA6261459BD0062BCA6 /* FilterList.swift in Sources */ = {isa = PBXBuildFile; fileRef = 07511FA5261459BD0062BCA6 /* FilterList.swift */; };
		07511FAB261459DD0062BCA6 /* FilterListView.swift in Sources */ = {isa = PBXBuildFile; fileRef = 07511FAA261459DD0062BCA6 /* FilterListView.swift */; };
		07511FB026145F6D0062BCA6 /* FilterObject.swift in Sources */ = {isa = PBXBuildFile; fileRef = 07511FAF26145F6D0062BCA6 /* FilterObject.swift */; };
		07511FB52614FEFA0062BCA6 /* ProfilePage.swift in Sources */ = {isa = PBXBuildFile; fileRef = 07511FB42614FEFA0062BCA6 /* ProfilePage.swift */; };
		07BF6244260B35C10058F109 /* TestApp.swift in Sources */ = {isa = PBXBuildFile; fileRef = 07BF6243260B35C10058F109 /* TestApp.swift */; };
		07BF6246260B35C10058F109 /* ContentView.swift in Sources */ = {isa = PBXBuildFile; fileRef = 07BF6245260B35C10058F109 /* ContentView.swift */; };
		07BF6248260B35C30058F109 /* Assets.xcassets in Resources */ = {isa = PBXBuildFile; fileRef = 07BF6247260B35C30058F109 /* Assets.xcassets */; };
		07BF624B260B35C30058F109 /* Preview Assets.xcassets in Resources */ = {isa = PBXBuildFile; fileRef = 07BF624A260B35C30058F109 /* Preview Assets.xcassets */; };
		07BF6256260B35C40058F109 /* TestTests.swift in Sources */ = {isa = PBXBuildFile; fileRef = 07BF6255260B35C40058F109 /* TestTests.swift */; };
		07BF6261260B35C40058F109 /* TestUITests.swift in Sources */ = {isa = PBXBuildFile; fileRef = 07BF6260260B35C40058F109 /* TestUITests.swift */; };
		07BF627A260B35FD0058F109 /* LaunchPage.swift in Sources */ = {isa = PBXBuildFile; fileRef = 07BF6279260B35FD0058F109 /* LaunchPage.swift */; };
		07BF6285261068F30058F109 /* SignUpPage.swift in Sources */ = {isa = PBXBuildFile; fileRef = 07BF6284261068F30058F109 /* SignUpPage.swift */; };
		07BF628F2610704D0058F109 /* SignUporLogInPage.swift in Sources */ = {isa = PBXBuildFile; fileRef = 07BF628E2610704D0058F109 /* SignUporLogInPage.swift */; };
		07BF62A02610A70A0058F109 /* HomePage.swift in Sources */ = {isa = PBXBuildFile; fileRef = 07BF629F2610A70A0058F109 /* HomePage.swift */; };
		07BF62A52612A7780058F109 /* JobCardModel.swift in Sources */ = {isa = PBXBuildFile; fileRef = 07BF62A42612A7780058F109 /* JobCardModel.swift */; };
		07BF62AA2612D3C50058F109 /* JobCardView.swift in Sources */ = {isa = PBXBuildFile; fileRef = 07BF62A92612D3C50058F109 /* JobCardView.swift */; };
/* End PBXBuildFile section */

/* Begin PBXContainerItemProxy section */
		07BF6252260B35C40058F109 /* PBXContainerItemProxy */ = {
			isa = PBXContainerItemProxy;
			containerPortal = 07BF6238260B35C10058F109 /* Project object */;
			proxyType = 1;
			remoteGlobalIDString = 07BF623F260B35C10058F109;
			remoteInfo = Test;
		};
		07BF625D260B35C40058F109 /* PBXContainerItemProxy */ = {
			isa = PBXContainerItemProxy;
			containerPortal = 07BF6238260B35C10058F109 /* Project object */;
			proxyType = 1;
			remoteGlobalIDString = 07BF623F260B35C10058F109;
			remoteInfo = Test;
		};
/* End PBXContainerItemProxy section */

/* Begin PBXFileReference section */
		07511F782613D46D0062BCA6 /* JobsListView.swift */ = {isa = PBXFileReference; lastKnownFileType = sourcecode.swift; path = JobsListView.swift; sourceTree = "<group>"; };
		07511FA5261459BD0062BCA6 /* FilterList.swift */ = {isa = PBXFileReference; lastKnownFileType = sourcecode.swift; path = FilterList.swift; sourceTree = "<group>"; };
		07511FAA261459DD0062BCA6 /* FilterListView.swift */ = {isa = PBXFileReference; lastKnownFileType = sourcecode.swift; path = FilterListView.swift; sourceTree = "<group>"; };
		07511FAF26145F6D0062BCA6 /* FilterObject.swift */ = {isa = PBXFileReference; lastKnownFileType = sourcecode.swift; path = FilterObject.swift; sourceTree = "<group>"; };
		07511FB42614FEFA0062BCA6 /* ProfilePage.swift */ = {isa = PBXFileReference; lastKnownFileType = sourcecode.swift; path = ProfilePage.swift; sourceTree = "<group>"; };
		07BF6240260B35C10058F109 /* Test.app */ = {isa = PBXFileReference; explicitFileType = wrapper.application; includeInIndex = 0; path = Test.app; sourceTree = BUILT_PRODUCTS_DIR; };
		07BF6243260B35C10058F109 /* TestApp.swift */ = {isa = PBXFileReference; lastKnownFileType = sourcecode.swift; path = TestApp.swift; sourceTree = "<group>"; };
		07BF6245260B35C10058F109 /* ContentView.swift */ = {isa = PBXFileReference; lastKnownFileType = sourcecode.swift; path = ContentView.swift; sourceTree = "<group>"; };
		07BF6247260B35C30058F109 /* Assets.xcassets */ = {isa = PBXFileReference; lastKnownFileType = folder.assetcatalog; path = Assets.xcassets; sourceTree = "<group>"; };
		07BF624A260B35C30058F109 /* Preview Assets.xcassets */ = {isa = PBXFileReference; lastKnownFileType = folder.assetcatalog; path = "Preview Assets.xcassets"; sourceTree = "<group>"; };
		07BF624C260B35C30058F109 /* Info.plist */ = {isa = PBXFileReference; lastKnownFileType = text.plist.xml; path = Info.plist; sourceTree = "<group>"; };
		07BF6251260B35C40058F109 /* TestTests.xctest */ = {isa = PBXFileReference; explicitFileType = wrapper.cfbundle; includeInIndex = 0; path = TestTests.xctest; sourceTree = BUILT_PRODUCTS_DIR; };
		07BF6255260B35C40058F109 /* TestTests.swift */ = {isa = PBXFileReference; lastKnownFileType = sourcecode.swift; path = TestTests.swift; sourceTree = "<group>"; };
		07BF6257260B35C40058F109 /* Info.plist */ = {isa = PBXFileReference; lastKnownFileType = text.plist.xml; path = Info.plist; sourceTree = "<group>"; };
		07BF625C260B35C40058F109 /* TestUITests.xctest */ = {isa = PBXFileReference; explicitFileType = wrapper.cfbundle; includeInIndex = 0; path = TestUITests.xctest; sourceTree = BUILT_PRODUCTS_DIR; };
		07BF6260260B35C40058F109 /* TestUITests.swift */ = {isa = PBXFileReference; lastKnownFileType = sourcecode.swift; path = TestUITests.swift; sourceTree = "<group>"; };
		07BF6262260B35C40058F109 /* Info.plist */ = {isa = PBXFileReference; lastKnownFileType = text.plist.xml; path = Info.plist; sourceTree = "<group>"; };
		07BF6279260B35FD0058F109 /* LaunchPage.swift */ = {isa = PBXFileReference; lastKnownFileType = sourcecode.swift; path = LaunchPage.swift; sourceTree = "<group>"; };
		07BF6284261068F30058F109 /* SignUpPage.swift */ = {isa = PBXFileReference; lastKnownFileType = sourcecode.swift; path = SignUpPage.swift; sourceTree = "<group>"; };
		07BF628E2610704D0058F109 /* SignUporLogInPage.swift */ = {isa = PBXFileReference; lastKnownFileType = sourcecode.swift; path = SignUporLogInPage.swift; sourceTree = "<group>"; };
		07BF629F2610A70A0058F109 /* HomePage.swift */ = {isa = PBXFileReference; lastKnownFileType = sourcecode.swift; path = HomePage.swift; sourceTree = "<group>"; };
		07BF62A42612A7780058F109 /* JobCardModel.swift */ = {isa = PBXFileReference; lastKnownFileType = sourcecode.swift; path = JobCardModel.swift; sourceTree = "<group>"; };
		07BF62A92612D3C50058F109 /* JobCardView.swift */ = {isa = PBXFileReference; lastKnownFileType = sourcecode.swift; path = JobCardView.swift; sourceTree = "<group>"; };
/* End PBXFileReference section */

/* Begin PBXFrameworksBuildPhase section */
		07BF623D260B35C10058F109 /* Frameworks */ = {
			isa = PBXFrameworksBuildPhase;
			buildActionMask = 2147483647;
			files = (
			);
			runOnlyForDeploymentPostprocessing = 0;
		};
		07BF624E260B35C40058F109 /* Frameworks */ = {
			isa = PBXFrameworksBuildPhase;
			buildActionMask = 2147483647;
			files = (
			);
			runOnlyForDeploymentPostprocessing = 0;
		};
		07BF6259260B35C40058F109 /* Frameworks */ = {
			isa = PBXFrameworksBuildPhase;
			buildActionMask = 2147483647;
			files = (
			);
			runOnlyForDeploymentPostprocessing = 0;
		};
/* End PBXFrameworksBuildPhase section */

/* Begin PBXGroup section */
		07BF6237260B35C10058F109 = {
			isa = PBXGroup;
			children = (
				07BF6242260B35C10058F109 /* Test */,
				07BF6254260B35C40058F109 /* TestTests */,
				07BF625F260B35C40058F109 /* TestUITests */,
				07BF6241260B35C10058F109 /* Products */,
			);
			sourceTree = "<group>";
		};
		07BF6241260B35C10058F109 /* Products */ = {
			isa = PBXGroup;
			children = (
				07BF6240260B35C10058F109 /* Test.app */,
				07BF6251260B35C40058F109 /* TestTests.xctest */,
				07BF625C260B35C40058F109 /* TestUITests.xctest */,
			);
			name = Products;
			sourceTree = "<group>";
		};
		07BF6242260B35C10058F109 /* Test */ = {
			isa = PBXGroup;
			children = (
				07BF6243260B35C10058F109 /* TestApp.swift */,
				07BF6245260B35C10058F109 /* ContentView.swift */,
				07BF6247260B35C30058F109 /* Assets.xcassets */,
				07BF624C260B35C30058F109 /* Info.plist */,
				07BF6249260B35C30058F109 /* Preview Content */,
				07BF6279260B35FD0058F109 /* LaunchPage.swift */,
				07BF6284261068F30058F109 /* SignUpPage.swift */,
				07BF628E2610704D0058F109 /* SignUporLogInPage.swift */,
				07BF629F2610A70A0058F109 /* HomePage.swift */,
				07BF62A42612A7780058F109 /* JobCardModel.swift */,
				07BF62A92612D3C50058F109 /* JobCardView.swift */,
				07511F782613D46D0062BCA6 /* JobsListView.swift */,
				07511FA5261459BD0062BCA6 /* FilterList.swift */,
				07511FAA261459DD0062BCA6 /* FilterListView.swift */,
				07511FAF26145F6D0062BCA6 /* FilterObject.swift */,
				07511FB42614FEFA0062BCA6 /* ProfilePage.swift */,
			);
			path = Test;
			sourceTree = "<group>";
		};
		07BF6249260B35C30058F109 /* Preview Content */ = {
			isa = PBXGroup;
			children = (
				07BF624A260B35C30058F109 /* Preview Assets.xcassets */,
			);
			path = "Preview Content";
			sourceTree = "<group>";
		};
		07BF6254260B35C40058F109 /* TestTests */ = {
			isa = PBXGroup;
			children = (
				07BF6255260B35C40058F109 /* TestTests.swift */,
				07BF6257260B35C40058F109 /* Info.plist */,
			);
			path = TestTests;
			sourceTree = "<group>";
		};
		07BF625F260B35C40058F109 /* TestUITests */ = {
			isa = PBXGroup;
			children = (
				07BF6260260B35C40058F109 /* TestUITests.swift */,
				07BF6262260B35C40058F109 /* Info.plist */,
			);
			path = TestUITests;
			sourceTree = "<group>";
		};
/* End PBXGroup section */

/* Begin PBXNativeTarget section */
		07BF623F260B35C10058F109 /* Test */ = {
			isa = PBXNativeTarget;
			buildConfigurationList = 07BF6265260B35C40058F109 /* Build configuration list for PBXNativeTarget "Test" */;
			buildPhases = (
				07BF623C260B35C10058F109 /* Sources */,
				07BF623D260B35C10058F109 /* Frameworks */,
				07BF623E260B35C10058F109 /* Resources */,
			);
			buildRules = (
			);
			dependencies = (
			);
			name = Test;
			productName = Test;
			productReference = 07BF6240260B35C10058F109 /* Test.app */;
			productType = "com.apple.product-type.application";
		};
		07BF6250260B35C40058F109 /* TestTests */ = {
			isa = PBXNativeTarget;
			buildConfigurationList = 07BF6268260B35C40058F109 /* Build configuration list for PBXNativeTarget "TestTests" */;
			buildPhases = (
				07BF624D260B35C40058F109 /* Sources */,
				07BF624E260B35C40058F109 /* Frameworks */,
				07BF624F260B35C40058F109 /* Resources */,
			);
			buildRules = (
			);
			dependencies = (
				07BF6253260B35C40058F109 /* PBXTargetDependency */,
			);
			name = TestTests;
			productName = TestTests;
			productReference = 07BF6251260B35C40058F109 /* TestTests.xctest */;
			productType = "com.apple.product-type.bundle.unit-test";
		};
		07BF625B260B35C40058F109 /* TestUITests */ = {
			isa = PBXNativeTarget;
			buildConfigurationList = 07BF626B260B35C40058F109 /* Build configuration list for PBXNativeTarget "TestUITests" */;
			buildPhases = (
				07BF6258260B35C40058F109 /* Sources */,
				07BF6259260B35C40058F109 /* Frameworks */,
				07BF625A260B35C40058F109 /* Resources */,
			);
			buildRules = (
			);
			dependencies = (
				07BF625E260B35C40058F109 /* PBXTargetDependency */,
			);
			name = TestUITests;
			productName = TestUITests;
			productReference = 07BF625C260B35C40058F109 /* TestUITests.xctest */;
			productType = "com.apple.product-type.bundle.ui-testing";
		};
/* End PBXNativeTarget section */

/* Begin PBXProject section */
		07BF6238260B35C10058F109 /* Project object */ = {
			isa = PBXProject;
			attributes = {
				LastSwiftUpdateCheck = 1240;
				LastUpgradeCheck = 1240;
				TargetAttributes = {
					07BF623F260B35C10058F109 = {
						CreatedOnToolsVersion = 12.4;
					};
					07BF6250260B35C40058F109 = {
						CreatedOnToolsVersion = 12.4;
						TestTargetID = 07BF623F260B35C10058F109;
					};
					07BF625B260B35C40058F109 = {
						CreatedOnToolsVersion = 12.4;
						TestTargetID = 07BF623F260B35C10058F109;
					};
				};
			};
			buildConfigurationList = 07BF623B260B35C10058F109 /* Build configuration list for PBXProject "Test" */;
			compatibilityVersion = "Xcode 9.3";
			developmentRegion = en;
			hasScannedForEncodings = 0;
			knownRegions = (
				en,
				Base,
			);
			mainGroup = 07BF6237260B35C10058F109;
			productRefGroup = 07BF6241260B35C10058F109 /* Products */;
			projectDirPath = "";
			projectRoot = "";
			targets = (
				07BF623F260B35C10058F109 /* Test */,
				07BF6250260B35C40058F109 /* TestTests */,
				07BF625B260B35C40058F109 /* TestUITests */,
			);
		};
/* End PBXProject section */

/* Begin PBXResourcesBuildPhase section */
		07BF623E260B35C10058F109 /* Resources */ = {
			isa = PBXResourcesBuildPhase;
			buildActionMask = 2147483647;
			files = (
				07BF624B260B35C30058F109 /* Preview Assets.xcassets in Resources */,
				07BF6248260B35C30058F109 /* Assets.xcassets in Resources */,
			);
			runOnlyForDeploymentPostprocessing = 0;
		};
		07BF624F260B35C40058F109 /* Resources */ = {
			isa = PBXResourcesBuildPhase;
			buildActionMask = 2147483647;
			files = (
			);
			runOnlyForDeploymentPostprocessing = 0;
		};
		07BF625A260B35C40058F109 /* Resources */ = {
			isa = PBXResourcesBuildPhase;
			buildActionMask = 2147483647;
			files = (
			);
			runOnlyForDeploymentPostprocessing = 0;
		};
/* End PBXResourcesBuildPhase section */

/* Begin PBXSourcesBuildPhase section */
		07BF623C260B35C10058F109 /* Sources */ = {
			isa = PBXSourcesBuildPhase;
			buildActionMask = 2147483647;
			files = (
				07511F792613D46D0062BCA6 /* JobsListView.swift in Sources */,
				07511FA6261459BD0062BCA6 /* FilterList.swift in Sources */,
				07511FB52614FEFA0062BCA6 /* ProfilePage.swift in Sources */,
				07BF627A260B35FD0058F109 /* LaunchPage.swift in Sources */,
				07BF62A02610A70A0058F109 /* HomePage.swift in Sources */,
				07BF6285261068F30058F109 /* SignUpPage.swift in Sources */,
				07511FAB261459DD0062BCA6 /* FilterListView.swift in Sources */,
				07511FB026145F6D0062BCA6 /* FilterObject.swift in Sources */,
				07BF6246260B35C10058F109 /* ContentView.swift in Sources */,
				07BF62AA2612D3C50058F109 /* JobCardView.swift in Sources */,
				07BF6244260B35C10058F109 /* TestApp.swift in Sources */,
				07BF62A52612A7780058F109 /* JobCardModel.swift in Sources */,
				07BF628F2610704D0058F109 /* SignUporLogInPage.swift in Sources */,
			);
			runOnlyForDeploymentPostprocessing = 0;
		};
		07BF624D260B35C40058F109 /* Sources */ = {
			isa = PBXSourcesBuildPhase;
			buildActionMask = 2147483647;
			files = (
				07BF6256260B35C40058F109 /* TestTests.swift in Sources */,
			);
			runOnlyForDeploymentPostprocessing = 0;
		};
		07BF6258260B35C40058F109 /* Sources */ = {
			isa = PBXSourcesBuildPhase;
			buildActionMask = 2147483647;
			files = (
				07BF6261260B35C40058F109 /* TestUITests.swift in Sources */,
			);
			runOnlyForDeploymentPostprocessing = 0;
		};
/* End PBXSourcesBuildPhase section */

/* Begin PBXTargetDependency section */
		07BF6253260B35C40058F109 /* PBXTargetDependency */ = {
			isa = PBXTargetDependency;
			target = 07BF623F260B35C10058F109 /* Test */;
			targetProxy = 07BF6252260B35C40058F109 /* PBXContainerItemProxy */;
		};
		07BF625E260B35C40058F109 /* PBXTargetDependency */ = {
			isa = PBXTargetDependency;
			target = 07BF623F260B35C10058F109 /* Test */;
			targetProxy = 07BF625D260B35C40058F109 /* PBXContainerItemProxy */;
		};
/* End PBXTargetDependency section */

/* Begin XCBuildConfiguration section */
		07BF6263260B35C40058F109 /* Debug */ = {
			isa = XCBuildConfiguration;
			buildSettings = {
				ALWAYS_SEARCH_USER_PATHS = NO;
				CLANG_ANALYZER_NONNULL = YES;
				CLANG_ANALYZER_NUMBER_OBJECT_CONVERSION = YES_AGGRESSIVE;
				CLANG_CXX_LANGUAGE_STANDARD = "gnu++14";
				CLANG_CXX_LIBRARY = "libc++";
				CLANG_ENABLE_MODULES = YES;
				CLANG_ENABLE_OBJC_ARC = YES;
				CLANG_ENABLE_OBJC_WEAK = YES;
				CLANG_WARN_BLOCK_CAPTURE_AUTORELEASING = YES;
				CLANG_WARN_BOOL_CONVERSION = YES;
				CLANG_WARN_COMMA = YES;
				CLANG_WARN_CONSTANT_CONVERSION = YES;
				CLANG_WARN_DEPRECATED_OBJC_IMPLEMENTATIONS = YES;
				CLANG_WARN_DIRECT_OBJC_ISA_USAGE = YES_ERROR;
				CLANG_WARN_DOCUMENTATION_COMMENTS = YES;
				CLANG_WARN_EMPTY_BODY = YES;
				CLANG_WARN_ENUM_CONVERSION = YES;
				CLANG_WARN_INFINITE_RECURSION = YES;
				CLANG_WARN_INT_CONVERSION = YES;
				CLANG_WARN_NON_LITERAL_NULL_CONVERSION = YES;
				CLANG_WARN_OBJC_IMPLICIT_RETAIN_SELF = YES;
				CLANG_WARN_OBJC_LITERAL_CONVERSION = YES;
				CLANG_WARN_OBJC_ROOT_CLASS = YES_ERROR;
				CLANG_WARN_QUOTED_INCLUDE_IN_FRAMEWORK_HEADER = YES;
				CLANG_WARN_RANGE_LOOP_ANALYSIS = YES;
				CLANG_WARN_STRICT_PROTOTYPES = YES;
				CLANG_WARN_SUSPICIOUS_MOVE = YES;
				CLANG_WARN_UNGUARDED_AVAILABILITY = YES_AGGRESSIVE;
				CLANG_WARN_UNREACHABLE_CODE = YES;
				CLANG_WARN__DUPLICATE_METHOD_MATCH = YES;
				COPY_PHASE_STRIP = NO;
				DEBUG_INFORMATION_FORMAT = dwarf;
				ENABLE_STRICT_OBJC_MSGSEND = YES;
				ENABLE_TESTABILITY = YES;
				GCC_C_LANGUAGE_STANDARD = gnu11;
				GCC_DYNAMIC_NO_PIC = NO;
				GCC_NO_COMMON_BLOCKS = YES;
				GCC_OPTIMIZATION_LEVEL = 0;
				GCC_PREPROCESSOR_DEFINITIONS = (
					"DEBUG=1",
					"$(inherited)",
				);
				GCC_WARN_64_TO_32_BIT_CONVERSION = YES;
				GCC_WARN_ABOUT_RETURN_TYPE = YES_ERROR;
				GCC_WARN_UNDECLARED_SELECTOR = YES;
				GCC_WARN_UNINITIALIZED_AUTOS = YES_AGGRESSIVE;
				GCC_WARN_UNUSED_FUNCTION = YES;
				GCC_WARN_UNUSED_VARIABLE = YES;
				IPHONEOS_DEPLOYMENT_TARGET = 14.4;
				MTL_ENABLE_DEBUG_INFO = INCLUDE_SOURCE;
				MTL_FAST_MATH = YES;
				ONLY_ACTIVE_ARCH = YES;
				SDKROOT = iphoneos;
				SWIFT_ACTIVE_COMPILATION_CONDITIONS = DEBUG;
				SWIFT_OPTIMIZATION_LEVEL = "-Onone";
			};
			name = Debug;
		};
		07BF6264260B35C40058F109 /* Release */ = {
			isa = XCBuildConfiguration;
			buildSettings = {
				ALWAYS_SEARCH_USER_PATHS = NO;
				CLANG_ANALYZER_NONNULL = YES;
				CLANG_ANALYZER_NUMBER_OBJECT_CONVERSION = YES_AGGRESSIVE;
				CLANG_CXX_LANGUAGE_STANDARD = "gnu++14";
				CLANG_CXX_LIBRARY = "libc++";
				CLANG_ENABLE_MODULES = YES;
				CLANG_ENABLE_OBJC_ARC = YES;
				CLANG_ENABLE_OBJC_WEAK = YES;
				CLANG_WARN_BLOCK_CAPTURE_AUTORELEASING = YES;
				CLANG_WARN_BOOL_CONVERSION = YES;
				CLANG_WARN_COMMA = YES;
				CLANG_WARN_CONSTANT_CONVERSION = YES;
				CLANG_WARN_DEPRECATED_OBJC_IMPLEMENTATIONS = YES;
				CLANG_WARN_DIRECT_OBJC_ISA_USAGE = YES_ERROR;
				CLANG_WARN_DOCUMENTATION_COMMENTS = YES;
				CLANG_WARN_EMPTY_BODY = YES;
				CLANG_WARN_ENUM_CONVERSION = YES;
				CLANG_WARN_INFINITE_RECURSION = YES;
				CLANG_WARN_INT_CONVERSION = YES;
				CLANG_WARN_NON_LITERAL_NULL_CONVERSION = YES;
				CLANG_WARN_OBJC_IMPLICIT_RETAIN_SELF = YES;
				CLANG_WARN_OBJC_LITERAL_CONVERSION = YES;
				CLANG_WARN_OBJC_ROOT_CLASS = YES_ERROR;
				CLANG_WARN_QUOTED_INCLUDE_IN_FRAMEWORK_HEADER = YES;
				CLANG_WARN_RANGE_LOOP_ANALYSIS = YES;
				CLANG_WARN_STRICT_PROTOTYPES = YES;
				CLANG_WARN_SUSPICIOUS_MOVE = YES;
				CLANG_WARN_UNGUARDED_AVAILABILITY = YES_AGGRESSIVE;
				CLANG_WARN_UNREACHABLE_CODE = YES;
				CLANG_WARN__DUPLICATE_METHOD_MATCH = YES;
				COPY_PHASE_STRIP = NO;
				DEBUG_INFORMATION_FORMAT = "dwarf-with-dsym";
				ENABLE_NS_ASSERTIONS = NO;
				ENABLE_STRICT_OBJC_MSGSEND = YES;
				GCC_C_LANGUAGE_STANDARD = gnu11;
				GCC_NO_COMMON_BLOCKS = YES;
				GCC_WARN_64_TO_32_BIT_CONVERSION = YES;
				GCC_WARN_ABOUT_RETURN_TYPE = YES_ERROR;
				GCC_WARN_UNDECLARED_SELECTOR = YES;
				GCC_WARN_UNINITIALIZED_AUTOS = YES_AGGRESSIVE;
				GCC_WARN_UNUSED_FUNCTION = YES;
				GCC_WARN_UNUSED_VARIABLE = YES;
				IPHONEOS_DEPLOYMENT_TARGET = 14.4;
				MTL_ENABLE_DEBUG_INFO = NO;
				MTL_FAST_MATH = YES;
				SDKROOT = iphoneos;
				SWIFT_COMPILATION_MODE = wholemodule;
				SWIFT_OPTIMIZATION_LEVEL = "-O";
				VALIDATE_PRODUCT = YES;
			};
			name = Release;
		};
		07BF6266260B35C40058F109 /* Debug */ = {
			isa = XCBuildConfiguration;
			buildSettings = {
				ASSETCATALOG_COMPILER_APPICON_NAME = AppIcon;
				ASSETCATALOG_COMPILER_GLOBAL_ACCENT_COLOR_NAME = AccentColor;
				CODE_SIGN_STYLE = Automatic;
				DEVELOPMENT_ASSET_PATHS = "\"Test/Preview Content\"";
				ENABLE_PREVIEWS = YES;
				INFOPLIST_FILE = Test/Info.plist;
				IPHONEOS_DEPLOYMENT_TARGET = 14.0;
				LD_RUNPATH_SEARCH_PATHS = (
					"$(inherited)",
					"@executable_path/Frameworks",
				);
				PRODUCT_BUNDLE_IDENTIFIER = com.test;
				PRODUCT_NAME = "$(TARGET_NAME)";
				SWIFT_VERSION = 5.0;
				TARGETED_DEVICE_FAMILY = "1,2";
			};
			name = Debug;
		};
		07BF6267260B35C40058F109 /* Release */ = {
			isa = XCBuildConfiguration;
			buildSettings = {
				ASSETCATALOG_COMPILER_APPICON_NAME = AppIcon;
				ASSETCATALOG_COMPILER_GLOBAL_ACCENT_COLOR_NAME = AccentColor;
				CODE_SIGN_STYLE = Automatic;
				DEVELOPMENT_ASSET_PATHS = "\"Test/Preview Content\"";
				ENABLE_PREVIEWS = YES;
				INFOPLIST_FILE = Test/Info.plist;
				IPHONEOS_DEPLOYMENT_TARGET = 14.0;
				LD_RUNPATH_SEARCH_PATHS = (
					"$(inherited)",
					"@executable_path/Frameworks",
				);
				PRODUCT_BUNDLE_IDENTIFIER = com.test;
				PRODUCT_NAME = "$(TARGET_NAME)";
				SWIFT_VERSION = 5.0;
				TARGETED_DEVICE_FAMILY = "1,2";
			};
			name = Release;
		};
		07BF6269260B35C40058F109 /* Debug */ = {
			isa = XCBuildConfiguration;
			buildSettings = {
				ALWAYS_EMBED_SWIFT_STANDARD_LIBRARIES = YES;
				BUNDLE_LOADER = "$(TEST_HOST)";
				CODE_SIGN_STYLE = Automatic;
				INFOPLIST_FILE = TestTests/Info.plist;
				IPHONEOS_DEPLOYMENT_TARGET = 14.0;
				LD_RUNPATH_SEARCH_PATHS = (
					"$(inherited)",
					"@executable_path/Frameworks",
					"@loader_path/Frameworks",
				);
				PRODUCT_BUNDLE_IDENTIFIER = com.test.TestTests;
				PRODUCT_NAME = "$(TARGET_NAME)";
				SWIFT_VERSION = 5.0;
				TARGETED_DEVICE_FAMILY = "1,2";
				TEST_HOST = "$(BUILT_PRODUCTS_DIR)/Test.app/Test";
			};
			name = Debug;
		};
		07BF626A260B35C40058F109 /* Release */ = {
			isa = XCBuildConfiguration;
			buildSettings = {
				ALWAYS_EMBED_SWIFT_STANDARD_LIBRARIES = YES;
				BUNDLE_LOADER = "$(TEST_HOST)";
				CODE_SIGN_STYLE = Automatic;
				INFOPLIST_FILE = TestTests/Info.plist;
				IPHONEOS_DEPLOYMENT_TARGET = 14.0;
				LD_RUNPATH_SEARCH_PATHS = (
					"$(inherited)",
					"@executable_path/Frameworks",
					"@loader_path/Frameworks",
				);
				PRODUCT_BUNDLE_IDENTIFIER = com.test.TestTests;
				PRODUCT_NAME = "$(TARGET_NAME)";
				SWIFT_VERSION = 5.0;
				TARGETED_DEVICE_FAMILY = "1,2";
				TEST_HOST = "$(BUILT_PRODUCTS_DIR)/Test.app/Test";
			};
			name = Release;
		};
		07BF626C260B35C40058F109 /* Debug */ = {
			isa = XCBuildConfiguration;
			buildSettings = {
				ALWAYS_EMBED_SWIFT_STANDARD_LIBRARIES = YES;
				CODE_SIGN_STYLE = Automatic;
				INFOPLIST_FILE = TestUITests/Info.plist;
				LD_RUNPATH_SEARCH_PATHS = (
					"$(inherited)",
					"@executable_path/Frameworks",
					"@loader_path/Frameworks",
				);
				PRODUCT_BUNDLE_IDENTIFIER = com.test.TestUITests;
				PRODUCT_NAME = "$(TARGET_NAME)";
				SWIFT_VERSION = 5.0;
				TARGETED_DEVICE_FAMILY = "1,2";
				TEST_TARGET_NAME = Test;
			};
			name = Debug;
		};
		07BF626D260B35C40058F109 /* Release */ = {
			isa = XCBuildConfiguration;
			buildSettings = {
				ALWAYS_EMBED_SWIFT_STANDARD_LIBRARIES = YES;
				CODE_SIGN_STYLE = Automatic;
				INFOPLIST_FILE = TestUITests/Info.plist;
				LD_RUNPATH_SEARCH_PATHS = (
					"$(inherited)",
					"@executable_path/Frameworks",
					"@loader_path/Frameworks",
				);
				PRODUCT_BUNDLE_IDENTIFIER = com.test.TestUITests;
				PRODUCT_NAME = "$(TARGET_NAME)";
				SWIFT_VERSION = 5.0;
				TARGETED_DEVICE_FAMILY = "1,2";
				TEST_TARGET_NAME = Test;
			};
			name = Release;
		};
/* End XCBuildConfiguration section */

/* Begin XCConfigurationList section */
		07BF623B260B35C10058F109 /* Build configuration list for PBXProject "Test" */ = {
			isa = XCConfigurationList;
			buildConfigurations = (
				07BF6263260B35C40058F109 /* Debug */,
				07BF6264260B35C40058F109 /* Release */,
			);
			defaultConfigurationIsVisible = 0;
			defaultConfigurationName = Release;
		};
		07BF6265260B35C40058F109 /* Build configuration list for PBXNativeTarget "Test" */ = {
			isa = XCConfigurationList;
			buildConfigurations = (
				07BF6266260B35C40058F109 /* Debug */,
				07BF6267260B35C40058F109 /* Release */,
			);
			defaultConfigurationIsVisible = 0;
			defaultConfigurationName = Release;
		};
		07BF6268260B35C40058F109 /* Build configuration list for PBXNativeTarget "TestTests" */ = {
			isa = XCConfigurationList;
			buildConfigurations = (
				07BF6269260B35C40058F109 /* Debug */,
				07BF626A260B35C40058F109 /* Release */,
			);
			defaultConfigurationIsVisible = 0;
			defaultConfigurationName = Release;
		};
		07BF626B260B35C40058F109 /* Build configuration list for PBXNativeTarget "TestUITests" */ = {
			isa = XCConfigurationList;
			buildConfigurations = (
				07BF626C260B35C40058F109 /* Debug */,
				07BF626D260B35C40058F109 /* Release */,
			);
			defaultConfigurationIsVisible = 0;
			defaultConfigurationName = Release;
		};
/* End XCConfigurationList section */
	};
	rootObject = 07BF6238260B35C10058F109 /* Project object */;
}
